// !$*UTF8*$!
{
	archiveVersion = 1;
	classes = {
	};
	objectVersion = 46;
	objects = {

/* Begin PBXFileReference section */
		B088972C1D6A8441007AC9C6 /* Assign.playground */ = {isa = PBXFileReference; lastKnownFileType = file.playground; path = Assign.playground; sourceTree = "<group>"; };
/* End PBXFileReference section */

/* Begin PBXGroup section */
		B08897251D6A83F8007AC9C6 = {
			isa = PBXGroup;
			children = (
				B088972C1D6A8441007AC9C6 /* Assign.playground */,
			);
			sourceTree = "<group>";
		};
/* End PBXGroup section */

/* Begin PBXProject section */
		B08897261D6A83F8007AC9C6 /* Project object */ = {
			isa = PBXProject;
			attributes = {
				LastUpgradeCheck = 0730;
			};
			buildConfigurationList = B08897291D6A83F8007AC9C6 /* Build configuration list for PBXProject "Assignment_1" */;
			compatibilityVersion = "Xcode 3.2";
			developmentRegion = English;
			hasScannedForEncodings = 0;
			knownRegions = (
				en,
			);
			mainGroup = B08897251D6A83F8007AC9C6;
			projectDirPath = "";
			projectRoot = "";
			targets = (
			);
		};
/* End PBXProject section */

/* Begin XCBuildConfiguration section */
		B088972A1D6A83F8007AC9C6 /* Debug */ = {
			isa = XCBuildConfiguration;
			buildSettings = {
			};
			name = Debug;
		};
		B088972B1D6A83F8007AC9C6 /* Release */ = {
			isa = XCBuildConfiguration;
			buildSettings = {
			};
			name = Release;
		};
/* End XCBuildConfiguration section */

/* Begin XCConfigurationList section */
		B08897291D6A83F8007AC9C6 /* Build configuration list for PBXProject "Assignment_1" */ = {
			isa = XCConfigurationList;
			buildConfigurations = (
				B088972A1D6A83F8007AC9C6 /* Debug */,
				B088972B1D6A83F8007AC9C6 /* Release */,
			);
			defaultConfigurationIsVisible = 0;
			defaultConfigurationName = Release;
		};
/* End XCConfigurationList section */
	};
	rootObject = B08897261D6A83F8007AC9C6 /* Project object */;
}
